
Microsoft Visual Studio Solution File, Format Version 12.00
# Visual Studio Version 16
VisualStudioVersion = 16.0.30907.101
MinimumVisualStudioVersion = 10.0.40219.1
Project("{FAE04EC0-301F-11D3-BF4B-00C04F79EFBC}") = "GalleryProject", "GalleryProject.csproj", "{D60CAC20-C3F4-49BC-89E8-11FD9CE67814}"
EndProject
Global
	GlobalSection(SolutionConfigurationPlatforms) = preSolution
		Debug|Any CPU = Debug|Any CPU
		Release|Any CPU = Release|Any CPU
	EndGlobalSection
	GlobalSection(ProjectConfigurationPlatforms) = postSolution
		{D60CAC20-C3F4-49BC-89E8-11FD9CE67814}.Debug|Any CPU.ActiveCfg = Debug|Any CPU
		{D60CAC20-C3F4-49BC-89E8-11FD9CE67814}.Debug|Any CPU.Build.0 = Debug|Any CPU
		{D60CAC20-C3F4-49BC-89E8-11FD9CE67814}.Release|Any CPU.ActiveCfg = Release|Any CPU
		{D60CAC20-C3F4-49BC-89E8-11FD9CE67814}.Release|Any CPU.Build.0 = Release|Any CPU
	EndGlobalSection
	GlobalSection(SolutionProperties) = preSolution
		HideSolutionNode = FALSE
	EndGlobalSection
	GlobalSection(ExtensibilityGlobals) = postSolution
		SolutionGuid = {DCFD5890-2EE2-4F3F-85DB-1C0D7A5613E2}
	EndGlobalSection
EndGlobal
